{
  "version": "2",
  "remote": {
    "https://deno.land/std@0.194.0/collections/filter_values.ts": "5b9feaf17b9a6e5ffccdd36cf6f38fa4ffa94cff2602d381c2ad0c2a97929652",
    "https://deno.land/std@0.194.0/collections/without_all.ts": "a89f5da0b5830defed4f59666e188df411d8fece35a5f6ca69be6ca71a95c185",
    "https://deno.land/std@0.194.0/dotenv/mod.ts": "39e5d19e077e55d7e01ea600eb1c6d1e18a8dfdfc65d68826257a576788da3a4",
    "https://deno.land/x/ed25519@2.0.0/index.ts": "21e29f85855afd2d2465305c4a9cdb1959af92df7dc455b6c611c52b86df5d25",
    "https://deno.land/x/ed25519@2.0.0/mod.ts": "199fc590c02f490a675a44dd0a80f38bf02f8e4b6f0e261293ff9e4b3e77d45c"
  }
}
